github.com/apache/thrift v0.14.2 h1:hY4rAyg7Eqbb27GB6gkhUKrRAuc8xRjlNtJq+LseKeY=
github.com/apache/thrift v0.14.2/go.mod h1:cp2SuWMxlEZw2r+iP2GNCdIi4C1qmUzdZFSVb+bacwQ=
github.com/korovkin/gotils v0.0.0-20191001173539-52b5921b145e h1:YzqxfY5JROZaEqVwAbXAjmjozFZfbZU5XMFVPop80xk=
github.com/korovkin/gotils v0.0.0-20191001173539-52b5921b145e/go.mod h1:FwjEZeSZprWI5/5mrm2BEd3TG2vgsOPp8fyMV2mUTNY=
